
Microsoft Visual Studio Solution File, Format Version 12.00
# Visual Studio Version 17
VisualStudioVersion = 17.11.35222.181
MinimumVisualStudioVersion = 10.0.40219.1
Project("{FAE04EC0-301F-11D3-BF4B-00C04F79EFBC}") = "DelegatesAndEvents", "DelegatesAndEvents\DelegatesAndEvents.csproj", "{E4081EF4-10A5-4E00-8594-01079FAACDAE}"
EndProject
Project("{FAE04EC0-301F-11D3-BF4B-00C04F79EFBC}") = "EventsDemo", "EventsDemo\EventsDemo.csproj", "{3E80A6F5-8415-4D88-A6B1-987023AAE0DC}"
EndProject
Project("{FAE04EC0-301F-11D3-BF4B-00C04F79EFBC}") = "Lab", "Lab\Lab.csproj", "{0904C937-AC1A-47A5-8D10-62C92838DF45}"
EndProject
Global
	GlobalSection(SolutionConfigurationPlatforms) = preSolution
		Debug|Any CPU = Debug|Any CPU
		Release|Any CPU = Release|Any CPU
	EndGlobalSection
	GlobalSection(ProjectConfigurationPlatforms) = postSolution
		{E4081EF4-10A5-4E00-8594-01079FAACDAE}.Debug|Any CPU.ActiveCfg = Debug|Any CPU
		{E4081EF4-10A5-4E00-8594-01079FAACDAE}.Debug|Any CPU.Build.0 = Debug|Any CPU
		{E4081EF4-10A5-4E00-8594-01079FAACDAE}.Release|Any CPU.ActiveCfg = Release|Any CPU
		{E4081EF4-10A5-4E00-8594-01079FAACDAE}.Release|Any CPU.Build.0 = Release|Any CPU
		{3E80A6F5-8415-4D88-A6B1-987023AAE0DC}.Debug|Any CPU.ActiveCfg = Debug|Any CPU
		{3E80A6F5-8415-4D88-A6B1-987023AAE0DC}.Debug|Any CPU.Build.0 = Debug|Any CPU
		{3E80A6F5-8415-4D88-A6B1-987023AAE0DC}.Release|Any CPU.ActiveCfg = Release|Any CPU
		{3E80A6F5-8415-4D88-A6B1-987023AAE0DC}.Release|Any CPU.Build.0 = Release|Any CPU
		{0904C937-AC1A-47A5-8D10-62C92838DF45}.Debug|Any CPU.ActiveCfg = Debug|Any CPU
		{0904C937-AC1A-47A5-8D10-62C92838DF45}.Debug|Any CPU.Build.0 = Debug|Any CPU
		{0904C937-AC1A-47A5-8D10-62C92838DF45}.Release|Any CPU.ActiveCfg = Release|Any CPU
		{0904C937-AC1A-47A5-8D10-62C92838DF45}.Release|Any CPU.Build.0 = Release|Any CPU
	EndGlobalSection
	GlobalSection(SolutionProperties) = preSolution
		HideSolutionNode = FALSE
	EndGlobalSection
	GlobalSection(ExtensibilityGlobals) = postSolution
		SolutionGuid = {5B97EA96-E1A9-45B4-8F26-539C6821C22F}
	EndGlobalSection
EndGlobal
